# This file was autogenerated by Stack.
# You should not edit this file by hand.
# For more information, please see the documentation at:
#   https://docs.haskellstack.org/en/stable/lock_files

packages:
- completed:
    name: purescript-bridge
    version: 0.14.0.0
    git: https://github.com/input-output-hk/purescript-bridge.git
    pantry-tree:
      size: 2202
      sha256: f064953b17907940cc3df62ea778626372747b5879fcf0488c9ae377cfc98fee
    commit: 47a1f11825a0f9445e0f98792f79172efef66c00
  original:
    git: https://github.com/input-output-hk/purescript-bridge.git
    commit: 47a1f11825a0f9445e0f98792f79172efef66c00
- completed:
    name: servant-purescript
    version: 0.9.0.2
    git: https://github.com/input-output-hk/servant-purescript.git
    pantry-tree:
      size: 1204
      sha256: ee672215ec28d18b333f885cd1767943c4260a81fc0cfaf9844a6e6caf34c584
    commit: 002e172173ad2f2f69f98a3b56b7312364f23afe
  original:
    git: https://github.com/input-output-hk/servant-purescript.git
    commit: 002e172173ad2f2f69f98a3b56b7312364f23afe
- completed:
    hackage: effectful-1.0.0.0@sha256:2bd7706a82eb694d4801e194e22078b9d17de0df37d895014a94f58ca72fc493,6272
    pantry-tree:
      size: 2490
      sha256: c7f828a1c06bc535c0ee30837d122f3d243bd6e7e652d17ba739d9c61b032b83
  original:
    hackage: effectful-1.0.0.0
- completed:
    hackage: effectful-core-1.0.0.0@sha256:04db3df6e435b1df037b63064e3b1bd3f7f915785b4d1b2a9f632f9368821fa2,3675
    pantry-tree:
      size: 1854
      sha256: 671032384f225a7c74d450393769ea68c710f6089069324beeb74b8d23a33449
  original:
    hackage: effectful-core-1.0.0.0@sha256:04db3df6e435b1df037b63064e3b1bd3f7f915785b4d1b2a9f632f9368821fa2,3675
- completed:
    hackage: effectful-th-1.0.0.0@sha256:46842eeea2ca1ca2ab8a86302de84ec1367f4cb047e49256f386aec123b7f82b,2428
    pantry-tree:
      size: 327
      sha256: 9b65d503d6e086219a551800356b773c3ee8a541b83d1a7264648365eeb48545
  original:
    hackage: effectful-th-1.0.0.0@sha256:46842eeea2ca1ca2ab8a86302de84ec1367f4cb047e49256f386aec123b7f82b,2428
snapshots:
- completed:
    size: 590100
    url: https://raw.githubusercontent.com/commercialhaskell/stackage-snapshots/master/lts/18/28.yaml
    sha256: 428ec8d5ce932190d3cbe266b9eb3c175cd81e984babf876b64019e2cbe4ea68
  original: lts-18.28
